
Microsoft Visual Studio Solution File, Format Version 12.00
# Visual Studio Version 16
VisualStudioVersion = 16.0.31129.286
MinimumVisualStudioVersion = 10.0.40219.1
Project("{9A19103F-16F7-4668-BE54-9A1E7A4F7556}") = "Project.Application", "Project.Application\Project.Application.csproj", "{A6177119-324D-4480-BBDF-07C064BC16BF}"
EndProject
Project("{9A19103F-16F7-4668-BE54-9A1E7A4F7556}") = "Project.Service", "Project.Service\Project.Service.csproj", "{0202ABF6-4216-47A1-AA88-C46568829EAE}"
EndProject
Project("{9A19103F-16F7-4668-BE54-9A1E7A4F7556}") = "Project.Infra", "Project.Infra\Project.Infra.csproj", "{25571D20-4E3B-4FC3-8B88-30FDB6D9C4D2}"
EndProject
Project("{9A19103F-16F7-4668-BE54-9A1E7A4F7556}") = "Project.Domain", "Project.Domain\Project.Domain.csproj", "{E704BC1B-B1AF-420A-A35A-7A642CA0C8F0}"
EndProject
Global
	GlobalSection(SolutionConfigurationPlatforms) = preSolution
		Debug|Any CPU = Debug|Any CPU
		Release|Any CPU = Release|Any CPU
	EndGlobalSection
	GlobalSection(ProjectConfigurationPlatforms) = postSolution
		{A6177119-324D-4480-BBDF-07C064BC16BF}.Debug|Any CPU.ActiveCfg = Debug|Any CPU
		{A6177119-324D-4480-BBDF-07C064BC16BF}.Debug|Any CPU.Build.0 = Debug|Any CPU
		{A6177119-324D-4480-BBDF-07C064BC16BF}.Release|Any CPU.ActiveCfg = Release|Any CPU
		{A6177119-324D-4480-BBDF-07C064BC16BF}.Release|Any CPU.Build.0 = Release|Any CPU
		{0202ABF6-4216-47A1-AA88-C46568829EAE}.Debug|Any CPU.ActiveCfg = Debug|Any CPU
		{0202ABF6-4216-47A1-AA88-C46568829EAE}.Debug|Any CPU.Build.0 = Debug|Any CPU
		{0202ABF6-4216-47A1-AA88-C46568829EAE}.Release|Any CPU.ActiveCfg = Release|Any CPU
		{0202ABF6-4216-47A1-AA88-C46568829EAE}.Release|Any CPU.Build.0 = Release|Any CPU
		{25571D20-4E3B-4FC3-8B88-30FDB6D9C4D2}.Debug|Any CPU.ActiveCfg = Debug|Any CPU
		{25571D20-4E3B-4FC3-8B88-30FDB6D9C4D2}.Debug|Any CPU.Build.0 = Debug|Any CPU
		{25571D20-4E3B-4FC3-8B88-30FDB6D9C4D2}.Release|Any CPU.ActiveCfg = Release|Any CPU
		{25571D20-4E3B-4FC3-8B88-30FDB6D9C4D2}.Release|Any CPU.Build.0 = Release|Any CPU
		{E704BC1B-B1AF-420A-A35A-7A642CA0C8F0}.Debug|Any CPU.ActiveCfg = Debug|Any CPU
		{E704BC1B-B1AF-420A-A35A-7A642CA0C8F0}.Debug|Any CPU.Build.0 = Debug|Any CPU
		{E704BC1B-B1AF-420A-A35A-7A642CA0C8F0}.Release|Any CPU.ActiveCfg = Release|Any CPU
		{E704BC1B-B1AF-420A-A35A-7A642CA0C8F0}.Release|Any CPU.Build.0 = Release|Any CPU
	EndGlobalSection
	GlobalSection(SolutionProperties) = preSolution
		HideSolutionNode = FALSE
	EndGlobalSection
	GlobalSection(ExtensibilityGlobals) = postSolution
		SolutionGuid = {13410A6C-46E5-49D5-9348-FB49287E8461}
	EndGlobalSection
EndGlobal
